
Microsoft Visual Studio Solution File, Format Version 12.00
# Visual Studio Version 17
VisualStudioVersion = 17.0.32112.339
MinimumVisualStudioVersion = 10.0.40219.1
Project("{FAE04EC0-301F-11D3-BF4B-00C04F79EFBC}") = "Assignment2", "Assignment2\Assignment2.csproj", "{B58891C1-4167-47CB-B18D-6E8ABF4BC3CB}"
EndProject
Global
	GlobalSection(SolutionConfigurationPlatforms) = preSolution
		Debug|Any CPU = Debug|Any CPU
		Release|Any CPU = Release|Any CPU
	EndGlobalSection
	GlobalSection(ProjectConfigurationPlatforms) = postSolution
		{B58891C1-4167-47CB-B18D-6E8ABF4BC3CB}.Debug|Any CPU.ActiveCfg = Debug|Any CPU
		{B58891C1-4167-47CB-B18D-6E8ABF4BC3CB}.Debug|Any CPU.Build.0 = Debug|Any CPU
		{B58891C1-4167-47CB-B18D-6E8ABF4BC3CB}.Release|Any CPU.ActiveCfg = Release|Any CPU
		{B58891C1-4167-47CB-B18D-6E8ABF4BC3CB}.Release|Any CPU.Build.0 = Release|Any CPU
	EndGlobalSection
	GlobalSection(SolutionProperties) = preSolution
		HideSolutionNode = FALSE
	EndGlobalSection
	GlobalSection(ExtensibilityGlobals) = postSolution
		SolutionGuid = {D9911E2C-AA8E-421B-B999-6B2DA0984EE1}
	EndGlobalSection
EndGlobal
